---
##############################################################################################################################################
##  Date Created: June 8th, 2022
##  By: Aaron Arefe
##  This playbook modifies the /etc/pam.d/system-auth and password-auth files to include faillock.so
##  
##  
##############################################################################################################################################



##############################################################################################################################################
## 
## This Section is to configure faillock.mo for system-auth
##
##############################################################################################################################################
-
    hosts: all
    tasks:

        - name: Inser a new rule after and existing rule
          pamd:
            name: system-auth
            type: auth 
            control: required 
            module_path: pam_env.so
            new_type: auth
            new_control: required
            new_module_path: pam_faillock.so
            state: after

        - name: Update pamd faillock rule arguments
          pamd:
            name: system-auth
            type: auth 
            control: required 
            module_path: pam_faillock.so
            module_arguments: 'preauth silent audit deny=5 unlock_time=900'
            state: updated

        - name: Inser a new rule after and existing rule
          pamd:
            name: system-auth
            type: account 
            control: required 
            module_path: pam_unix.so
            new_type: account
            new_control: required
            new_module_path: pam_faillock.so
            state: before

    ##############################################################################################################################################
    ## 
    ## This Section is to configure faillock.so for password-auth
    ##
    ##############################################################################################################################################

        - name: Inser a new rule after and existing rule
          pamd:
            name: password-auth
            type: auth 
            control: required 
            module_path: pam_env.so
            new_type: auth
            new_control: required
            new_module_path: pam_faillock.so
            state: after

        - name: Update pamd faillock rule arguments
          pamd:
            name: password-auth
            type: auth 
            control: required 
            module_path: pam_faillock.so
            module_arguments: 'preauth silent audit deny=5 unlock_time=900'
            state: updated

        - name: Inser a new rule after and existing rule
          pamd:
            name: password-auth
            type: account 
            control: required 
            module_path: pam_unix.so
            new_type: account
            new_control: required
            new_module_path: pam_faillock.so
            state: before
